
Microsoft Visual Studio Solution File, Format Version 12.00
# Visual Studio Version 17
VisualStudioVersion = 17.14.36327.8 d17.14
MinimumVisualStudioVersion = 10.0.40219.1
Project("{FAE04EC0-301F-11D3-BF4B-00C04F79EFBC}") = "OgarrioReports", "OgarrioReports\OgarrioReports.csproj", "{F16F5A9D-0F3A-42F1-8473-33F792FB0A90}"
EndProject
Global
	GlobalSection(SolutionConfigurationPlatforms) = preSolution
		Debug|Any CPU = Debug|Any CPU
		Release|Any CPU = Release|Any CPU
	EndGlobalSection
	GlobalSection(ProjectConfigurationPlatforms) = postSolution
		{F16F5A9D-0F3A-42F1-8473-33F792FB0A90}.Debug|Any CPU.ActiveCfg = Debug|Any CPU
		{F16F5A9D-0F3A-42F1-8473-33F792FB0A90}.Debug|Any CPU.Build.0 = Debug|Any CPU
		{F16F5A9D-0F3A-42F1-8473-33F792FB0A90}.Release|Any CPU.ActiveCfg = Release|Any CPU
		{F16F5A9D-0F3A-42F1-8473-33F792FB0A90}.Release|Any CPU.Build.0 = Release|Any CPU
	EndGlobalSection
	GlobalSection(SolutionProperties) = preSolution
		HideSolutionNode = FALSE
	EndGlobalSection
	GlobalSection(ExtensibilityGlobals) = postSolution
		SolutionGuid = {C669A7BE-310F-47AF-9514-043FE91FA98F}
	EndGlobalSection
EndGlobal
